
Microsoft Visual Studio Solution File, Format Version 12.00
# Visual Studio Version 16
VisualStudioVersion = 16.0.32413.119
MinimumVisualStudioVersion = 10.0.40219.1
Project("{FAE04EC0-301F-11D3-BF4B-00C04F79EFBC}") = "Pcnt", "Pcnt\Pcnt.csproj", "{B55BC03E-85EC-4672-ADA4-730E1FAF8485}"
EndProject
Global
	GlobalSection(SolutionConfigurationPlatforms) = preSolution
		Debug|Any CPU = Debug|Any CPU
		Release|Any CPU = Release|Any CPU
	EndGlobalSection
	GlobalSection(ProjectConfigurationPlatforms) = postSolution
		{B55BC03E-85EC-4672-ADA4-730E1FAF8485}.Debug|Any CPU.ActiveCfg = Debug|Any CPU
		{B55BC03E-85EC-4672-ADA4-730E1FAF8485}.Debug|Any CPU.Build.0 = Debug|Any CPU
		{B55BC03E-85EC-4672-ADA4-730E1FAF8485}.Release|Any CPU.ActiveCfg = Release|Any CPU
		{B55BC03E-85EC-4672-ADA4-730E1FAF8485}.Release|Any CPU.Build.0 = Release|Any CPU
	EndGlobalSection
	GlobalSection(SolutionProperties) = preSolution
		HideSolutionNode = FALSE
	EndGlobalSection
	GlobalSection(ExtensibilityGlobals) = postSolution
		SolutionGuid = {E6FF60DB-8C43-4109-9A82-BC4DA6F3D0E7}
	EndGlobalSection
EndGlobal
